
Microsoft Visual Studio Solution File, Format Version 12.00
# Visual Studio Version 16
VisualStudioVersion = 16.0.34031.81
MinimumVisualStudioVersion = 10.0.40219.1
Project("{2150E333-8FDC-42A3-9474-1A3956D46DE8}") = "Task0", "Task0", "{EB7AAF66-C5D4-4D6E-9C15-6589B51527C4}"
EndProject
Project("{FAE04EC0-301F-11D3-BF4B-00C04F79EFBC}") = "Tyuiu.KolchakovDR.Sprint4.Task0.V10", "Tyuiu.KolchakovDR.Sprint4.Task0.V10\Tyuiu.KolchakovDR.Sprint4.Task0.V10.csproj", "{75784ECE-B3F0-4512-96F0-B9C8897DE383}"
EndProject
Project("{FAE04EC0-301F-11D3-BF4B-00C04F79EFBC}") = "Tyuiu.KolchakovDR.Sprint4.Task0.V10.Lib", "Tyuiu.KolchakovDR.Sprint4.Task0.V10.Lib\Tyuiu.KolchakovDR.Sprint4.Task0.V10.Lib.csproj", "{7FA6AFD8-6D0A-4550-86C6-B393B76D8F74}"
EndProject
Project("{FAE04EC0-301F-11D3-BF4B-00C04F79EFBC}") = "Tyuiu.KolchakovDR.Sprint4.Task0.V10.Test", "Tyuiu.KolchakovDR.Sprint4.Task0.V10.Test\Tyuiu.KolchakovDR.Sprint4.Task0.V10.Test.csproj", "{9E70A585-10E4-4112-B765-425458675A68}"
EndProject
Project("{FAE04EC0-301F-11D3-BF4B-00C04F79EFBC}") = "TaskHeaderGenerator", "TaskHeaderGenerator\TaskHeaderGenerator.csproj", "{C3EC0508-A688-44A8-A280-404CD3E95AEB}"
EndProject
Project("{2150E333-8FDC-42A3-9474-1A3956D46DE8}") = "Task1", "Task1", "{6F038BD5-CF9D-4046-8188-AF1C07583F9B}"
EndProject
Project("{FAE04EC0-301F-11D3-BF4B-00C04F79EFBC}") = "Tyuiu.KolchakovDR.Sprint4.Task1.V10", "Tyuiu.KolchakovDR.Sprint4.Task1.V10\Tyuiu.KolchakovDR.Sprint4.Task1.V10.csproj", "{2F12EF4F-5D91-46E2-B2F0-2F5922B4D477}"
EndProject
Project("{FAE04EC0-301F-11D3-BF4B-00C04F79EFBC}") = "Tyuiu.KolchakovDR.Sprint4.Task1.V10.Lib", "Tyuiu.KolchakovDR.Sprint4.Task1.V10.Lib\Tyuiu.KolchakovDR.Sprint4.Task1.V10.Lib.csproj", "{0DAC02C6-B138-4DA2-8890-E42EEE492FAB}"
EndProject
Project("{FAE04EC0-301F-11D3-BF4B-00C04F79EFBC}") = "Tyuiu.KolchakovDR.Sprint4.Task1.V10.Test", "Tyuiu.KolchakovDR.Sprint4.Task1.V10.Test\Tyuiu.KolchakovDR.Sprint4.Task1.V10.Test.csproj", "{13DEC141-7BB5-4A1A-BB9C-D43BD9D6E564}"
EndProject
Project("{2150E333-8FDC-42A3-9474-1A3956D46DE8}") = "Task2", "Task2", "{F65F1E85-E755-4F89-9C9D-8B7C17AEC65C}"
EndProject
Project("{FAE04EC0-301F-11D3-BF4B-00C04F79EFBC}") = "Tyuiu.KolchakovDR.Sprint4.Task2.V23", "Tyuiu.KolchakovDR.Sprint4.Task2.V23\Tyuiu.KolchakovDR.Sprint4.Task2.V23.csproj", "{73002BFF-28EF-49CB-9142-07F6D6DF9B70}"
EndProject
Project("{FAE04EC0-301F-11D3-BF4B-00C04F79EFBC}") = "Tyuiu.KolchakovDR.Sprint4.Task2.V23.Lib", "Tyuiu.KolchakovDR.Sprint4.Task2.V23.Lib\Tyuiu.KolchakovDR.Sprint4.Task2.V23.Lib.csproj", "{CF19D97B-65DA-4A92-BA78-A5429DF9C747}"
EndProject
Project("{FAE04EC0-301F-11D3-BF4B-00C04F79EFBC}") = "Tyuiu.KolchakovDR.Sprint4.Task2.V23.Test", "Tyuiu.KolchakovDR.Sprint4.Task2.V23.Test\Tyuiu.KolchakovDR.Sprint4.Task2.V23.Test.csproj", "{D95C214A-ED6F-4452-924E-1D68B0F94BEC}"
EndProject
Project("{2150E333-8FDC-42A3-9474-1A3956D46DE8}") = "Task3", "Task3", "{A74B5D06-061B-4F93-8823-E29AD816D167}"
EndProject
Project("{FAE04EC0-301F-11D3-BF4B-00C04F79EFBC}") = "Tyuiu.KolchakovDR.Sprint4.Task3.V14", "Tyuiu.KolchakovDR.Sprint4.Task3.V14\Tyuiu.KolchakovDR.Sprint4.Task3.V14.csproj", "{8CDF6B3C-41EF-4AF6-BD77-4FC5F64CAFD2}"
EndProject
Project("{FAE04EC0-301F-11D3-BF4B-00C04F79EFBC}") = "Tyuiu.KolchakovDR.Sprint4.Task3.V14.Lib", "Tyuiu.KolchakovDR.Sprint4.Task3.V14.Lib\Tyuiu.KolchakovDR.Sprint4.Task3.V14.Lib.csproj", "{6D7A4DFE-278F-4579-AF61-69D7477CE89D}"
EndProject
Project("{FAE04EC0-301F-11D3-BF4B-00C04F79EFBC}") = "Tyuiu.KolchakovDR.Sprint4.Task3.V14.Test", "Tyuiu.KolchakovDR.Sprint4.Task3.V14.Test\Tyuiu.KolchakovDR.Sprint4.Task3.V14.Test.csproj", "{7EA51009-480C-47B3-B9F9-2FB5EA7476FB}"
EndProject
Project("{2150E333-8FDC-42A3-9474-1A3956D46DE8}") = "Task4", "Task4", "{81C357BD-C874-48B9-B5C6-8C4DA462E4B7}"
EndProject
Project("{FAE04EC0-301F-11D3-BF4B-00C04F79EFBC}") = "Tyuiu.KolchakovDR.Sprint4.Task4.V22", "Tyuiu.KolchakovDR.Sprint4.Task4.V22\Tyuiu.KolchakovDR.Sprint4.Task4.V22.csproj", "{D89D0202-240C-4AF3-8DC5-567471522733}"
EndProject
Project("{FAE04EC0-301F-11D3-BF4B-00C04F79EFBC}") = "Tyuiu.KolchakovDR.Sprint4.Task4.V22.Lib", "Tyuiu.KolchakovDR.Sprint4.Task4.V22.Lib\Tyuiu.KolchakovDR.Sprint4.Task4.V22.Lib.csproj", "{1395F46E-628E-44CF-B601-FD3A485BB54B}"
EndProject
Project("{FAE04EC0-301F-11D3-BF4B-00C04F79EFBC}") = "Tyuiu.KolchakovDR.Sprint4.Task4.V22.Test", "Tyuiu.KolchakovDR.Sprint4.Task4.V22.Test\Tyuiu.KolchakovDR.Sprint4.Task4.V22.Test.csproj", "{EDEC9D79-81AD-43CC-A1E0-C1897FC816A1}"
EndProject
Project("{2150E333-8FDC-42A3-9474-1A3956D46DE8}") = "Task5", "Task5", "{68020225-F77D-4B1C-B5AE-F08930722B67}"
EndProject
Project("{FAE04EC0-301F-11D3-BF4B-00C04F79EFBC}") = "Tyuiu.KolchakovDR.Sprint4.Task5.V10", "Tyuiu.KolchakovDR.Sprint4.Task5.V10\Tyuiu.KolchakovDR.Sprint4.Task5.V10.csproj", "{4B0F823C-FCEA-4111-AA14-212997F33706}"
EndProject
Project("{FAE04EC0-301F-11D3-BF4B-00C04F79EFBC}") = "Tyuiu.KolchakovDR.Sprint4.Task5.V10.Lib", "Tyuiu.KolchakovDR.Sprint4.Task5.V10.Lib\Tyuiu.KolchakovDR.Sprint4.Task5.V10.Lib.csproj", "{102F3DF1-6C1B-4645-8DB2-B33108F7B443}"
EndProject
Project("{FAE04EC0-301F-11D3-BF4B-00C04F79EFBC}") = "Tyuiu.KolchakovDR.Sprint4.Task5.V10.Test", "Tyuiu.KolchakovDR.Sprint4.Task5.V10.Test\Tyuiu.KolchakovDR.Sprint4.Task5.V10.Test.csproj", "{00E088D1-3484-4A26-9C6E-9E9EDFF80DDD}"
EndProject
Project("{2150E333-8FDC-42A3-9474-1A3956D46DE8}") = "Task6", "Task6", "{C3D7F3DF-E551-46EC-9080-7CED430A3B80}"
EndProject
Project("{FAE04EC0-301F-11D3-BF4B-00C04F79EFBC}") = "Tyuiu.KolchakovDR.Sprint4.Task6.V5", "Tyuiu.KolchakovDR.Sprint4.Task6.V5\Tyuiu.KolchakovDR.Sprint4.Task6.V5.csproj", "{2B594F95-5362-411A-B89E-01E3997DC40B}"
EndProject
Project("{FAE04EC0-301F-11D3-BF4B-00C04F79EFBC}") = "Tyuiu.KolchakovDR.Sprint4.Task6.V5.Lib", "Tyuiu.KolchakovDR.Sprint4.Task6.V5.Lib\Tyuiu.KolchakovDR.Sprint4.Task6.V5.Lib.csproj", "{F53F3D12-63E6-4D83-B01E-1B8079B972E1}"
EndProject
Project("{FAE04EC0-301F-11D3-BF4B-00C04F79EFBC}") = "Tyuiu.KolchakovDR.Sprint4.Task6.V5.Test", "Tyuiu.KolchakovDR.Sprint4.Task6.V5.Test\Tyuiu.KolchakovDR.Sprint4.Task6.V5.Test.csproj", "{81613C57-6770-4FD4-B5D5-6D74704D06F6}"
EndProject
Global
	GlobalSection(SolutionConfigurationPlatforms) = preSolution
		Debug|Any CPU = Debug|Any CPU
		Release|Any CPU = Release|Any CPU
	EndGlobalSection
	GlobalSection(ProjectConfigurationPlatforms) = postSolution
		{75784ECE-B3F0-4512-96F0-B9C8897DE383}.Debug|Any CPU.ActiveCfg = Debug|Any CPU
		{75784ECE-B3F0-4512-96F0-B9C8897DE383}.Debug|Any CPU.Build.0 = Debug|Any CPU
		{75784ECE-B3F0-4512-96F0-B9C8897DE383}.Release|Any CPU.ActiveCfg = Release|Any CPU
		{75784ECE-B3F0-4512-96F0-B9C8897DE383}.Release|Any CPU.Build.0 = Release|Any CPU
		{7FA6AFD8-6D0A-4550-86C6-B393B76D8F74}.Debug|Any CPU.ActiveCfg = Debug|Any CPU
		{7FA6AFD8-6D0A-4550-86C6-B393B76D8F74}.Debug|Any CPU.Build.0 = Debug|Any CPU
		{7FA6AFD8-6D0A-4550-86C6-B393B76D8F74}.Release|Any CPU.ActiveCfg = Release|Any CPU
		{7FA6AFD8-6D0A-4550-86C6-B393B76D8F74}.Release|Any CPU.Build.0 = Release|Any CPU
		{9E70A585-10E4-4112-B765-425458675A68}.Debug|Any CPU.ActiveCfg = Debug|Any CPU
		{9E70A585-10E4-4112-B765-425458675A68}.Debug|Any CPU.Build.0 = Debug|Any CPU
		{9E70A585-10E4-4112-B765-425458675A68}.Release|Any CPU.ActiveCfg = Release|Any CPU
		{9E70A585-10E4-4112-B765-425458675A68}.Release|Any CPU.Build.0 = Release|Any CPU
		{C3EC0508-A688-44A8-A280-404CD3E95AEB}.Debug|Any CPU.ActiveCfg = Debug|Any CPU
		{C3EC0508-A688-44A8-A280-404CD3E95AEB}.Debug|Any CPU.Build.0 = Debug|Any CPU
		{C3EC0508-A688-44A8-A280-404CD3E95AEB}.Release|Any CPU.ActiveCfg = Release|Any CPU
		{C3EC0508-A688-44A8-A280-404CD3E95AEB}.Release|Any CPU.Build.0 = Release|Any CPU
		{2F12EF4F-5D91-46E2-B2F0-2F5922B4D477}.Debug|Any CPU.ActiveCfg = Debug|Any CPU
		{2F12EF4F-5D91-46E2-B2F0-2F5922B4D477}.Debug|Any CPU.Build.0 = Debug|Any CPU
		{2F12EF4F-5D91-46E2-B2F0-2F5922B4D477}.Release|Any CPU.ActiveCfg = Release|Any CPU
		{2F12EF4F-5D91-46E2-B2F0-2F5922B4D477}.Release|Any CPU.Build.0 = Release|Any CPU
		{0DAC02C6-B138-4DA2-8890-E42EEE492FAB}.Debug|Any CPU.ActiveCfg = Debug|Any CPU
		{0DAC02C6-B138-4DA2-8890-E42EEE492FAB}.Debug|Any CPU.Build.0 = Debug|Any CPU
		{0DAC02C6-B138-4DA2-8890-E42EEE492FAB}.Release|Any CPU.ActiveCfg = Release|Any CPU
		{0DAC02C6-B138-4DA2-8890-E42EEE492FAB}.Release|Any CPU.Build.0 = Release|Any CPU
		{13DEC141-7BB5-4A1A-BB9C-D43BD9D6E564}.Debug|Any CPU.ActiveCfg = Debug|Any CPU
		{13DEC141-7BB5-4A1A-BB9C-D43BD9D6E564}.Debug|Any CPU.Build.0 = Debug|Any CPU
		{13DEC141-7BB5-4A1A-BB9C-D43BD9D6E564}.Release|Any CPU.ActiveCfg = Release|Any CPU
		{13DEC141-7BB5-4A1A-BB9C-D43BD9D6E564}.Release|Any CPU.Build.0 = Release|Any CPU
		{73002BFF-28EF-49CB-9142-07F6D6DF9B70}.Debug|Any CPU.ActiveCfg = Debug|Any CPU
		{73002BFF-28EF-49CB-9142-07F6D6DF9B70}.Debug|Any CPU.Build.0 = Debug|Any CPU
		{73002BFF-28EF-49CB-9142-07F6D6DF9B70}.Release|Any CPU.ActiveCfg = Release|Any CPU
		{73002BFF-28EF-49CB-9142-07F6D6DF9B70}.Release|Any CPU.Build.0 = Release|Any CPU
		{CF19D97B-65DA-4A92-BA78-A5429DF9C747}.Debug|Any CPU.ActiveCfg = Debug|Any CPU
		{CF19D97B-65DA-4A92-BA78-A5429DF9C747}.Debug|Any CPU.Build.0 = Debug|Any CPU
		{CF19D97B-65DA-4A92-BA78-A5429DF9C747}.Release|Any CPU.ActiveCfg = Release|Any CPU
		{CF19D97B-65DA-4A92-BA78-A5429DF9C747}.Release|Any CPU.Build.0 = Release|Any CPU
		{D95C214A-ED6F-4452-924E-1D68B0F94BEC}.Debug|Any CPU.ActiveCfg = Debug|Any CPU
		{D95C214A-ED6F-4452-924E-1D68B0F94BEC}.Debug|Any CPU.Build.0 = Debug|Any CPU
		{D95C214A-ED6F-4452-924E-1D68B0F94BEC}.Release|Any CPU.ActiveCfg = Release|Any CPU
		{D95C214A-ED6F-4452-924E-1D68B0F94BEC}.Release|Any CPU.Build.0 = Release|Any CPU
		{8CDF6B3C-41EF-4AF6-BD77-4FC5F64CAFD2}.Debug|Any CPU.ActiveCfg = Debug|Any CPU
		{8CDF6B3C-41EF-4AF6-BD77-4FC5F64CAFD2}.Debug|Any CPU.Build.0 = Debug|Any CPU
		{8CDF6B3C-41EF-4AF6-BD77-4FC5F64CAFD2}.Release|Any CPU.ActiveCfg = Release|Any CPU
		{8CDF6B3C-41EF-4AF6-BD77-4FC5F64CAFD2}.Release|Any CPU.Build.0 = Release|Any CPU
		{6D7A4DFE-278F-4579-AF61-69D7477CE89D}.Debug|Any CPU.ActiveCfg = Debug|Any CPU
		{6D7A4DFE-278F-4579-AF61-69D7477CE89D}.Debug|Any CPU.Build.0 = Debug|Any CPU
		{6D7A4DFE-278F-4579-AF61-69D7477CE89D}.Release|Any CPU.ActiveCfg = Release|Any CPU
		{6D7A4DFE-278F-4579-AF61-69D7477CE89D}.Release|Any CPU.Build.0 = Release|Any CPU
		{7EA51009-480C-47B3-B9F9-2FB5EA7476FB}.Debug|Any CPU.ActiveCfg = Debug|Any CPU
		{7EA51009-480C-47B3-B9F9-2FB5EA7476FB}.Debug|Any CPU.Build.0 = Debug|Any CPU
		{7EA51009-480C-47B3-B9F9-2FB5EA7476FB}.Release|Any CPU.ActiveCfg = Release|Any CPU
		{7EA51009-480C-47B3-B9F9-2FB5EA7476FB}.Release|Any CPU.Build.0 = Release|Any CPU
		{D89D0202-240C-4AF3-8DC5-567471522733}.Debug|Any CPU.ActiveCfg = Debug|Any CPU
		{D89D0202-240C-4AF3-8DC5-567471522733}.Debug|Any CPU.Build.0 = Debug|Any CPU
		{D89D0202-240C-4AF3-8DC5-567471522733}.Release|Any CPU.ActiveCfg = Release|Any CPU
		{D89D0202-240C-4AF3-8DC5-567471522733}.Release|Any CPU.Build.0 = Release|Any CPU
		{1395F46E-628E-44CF-B601-FD3A485BB54B}.Debug|Any CPU.ActiveCfg = Debug|Any CPU
		{1395F46E-628E-44CF-B601-FD3A485BB54B}.Debug|Any CPU.Build.0 = Debug|Any CPU
		{1395F46E-628E-44CF-B601-FD3A485BB54B}.Release|Any CPU.ActiveCfg = Release|Any CPU
		{1395F46E-628E-44CF-B601-FD3A485BB54B}.Release|Any CPU.Build.0 = Release|Any CPU
		{EDEC9D79-81AD-43CC-A1E0-C1897FC816A1}.Debug|Any CPU.ActiveCfg = Debug|Any CPU
		{EDEC9D79-81AD-43CC-A1E0-C1897FC816A1}.Debug|Any CPU.Build.0 = Debug|Any CPU
		{EDEC9D79-81AD-43CC-A1E0-C1897FC816A1}.Release|Any CPU.ActiveCfg = Release|Any CPU
		{EDEC9D79-81AD-43CC-A1E0-C1897FC816A1}.Release|Any CPU.Build.0 = Release|Any CPU
		{4B0F823C-FCEA-4111-AA14-212997F33706}.Debug|Any CPU.ActiveCfg = Debug|Any CPU
		{4B0F823C-FCEA-4111-AA14-212997F33706}.Debug|Any CPU.Build.0 = Debug|Any CPU
		{4B0F823C-FCEA-4111-AA14-212997F33706}.Release|Any CPU.ActiveCfg = Release|Any CPU
		{4B0F823C-FCEA-4111-AA14-212997F33706}.Release|Any CPU.Build.0 = Release|Any CPU
		{102F3DF1-6C1B-4645-8DB2-B33108F7B443}.Debug|Any CPU.ActiveCfg = Debug|Any CPU
		{102F3DF1-6C1B-4645-8DB2-B33108F7B443}.Debug|Any CPU.Build.0 = Debug|Any CPU
		{102F3DF1-6C1B-4645-8DB2-B33108F7B443}.Release|Any CPU.ActiveCfg = Release|Any CPU
		{102F3DF1-6C1B-4645-8DB2-B33108F7B443}.Release|Any CPU.Build.0 = Release|Any CPU
		{00E088D1-3484-4A26-9C6E-9E9EDFF80DDD}.Debug|Any CPU.ActiveCfg = Debug|Any CPU
		{00E088D1-3484-4A26-9C6E-9E9EDFF80DDD}.Debug|Any CPU.Build.0 = Debug|Any CPU
		{00E088D1-3484-4A26-9C6E-9E9EDFF80DDD}.Release|Any CPU.ActiveCfg = Release|Any CPU
		{00E088D1-3484-4A26-9C6E-9E9EDFF80DDD}.Release|Any CPU.Build.0 = Release|Any CPU
		{2B594F95-5362-411A-B89E-01E3997DC40B}.Debug|Any CPU.ActiveCfg = Debug|Any CPU
		{2B594F95-5362-411A-B89E-01E3997DC40B}.Debug|Any CPU.Build.0 = Debug|Any CPU
		{2B594F95-5362-411A-B89E-01E3997DC40B}.Release|Any CPU.ActiveCfg = Release|Any CPU
		{2B594F95-5362-411A-B89E-01E3997DC40B}.Release|Any CPU.Build.0 = Release|Any CPU
		{F53F3D12-63E6-4D83-B01E-1B8079B972E1}.Debug|Any CPU.ActiveCfg = Debug|Any CPU
		{F53F3D12-63E6-4D83-B01E-1B8079B972E1}.Debug|Any CPU.Build.0 = Debug|Any CPU
		{F53F3D12-63E6-4D83-B01E-1B8079B972E1}.Release|Any CPU.ActiveCfg = Release|Any CPU
		{F53F3D12-63E6-4D83-B01E-1B8079B972E1}.Release|Any CPU.Build.0 = Release|Any CPU
		{81613C57-6770-4FD4-B5D5-6D74704D06F6}.Debug|Any CPU.ActiveCfg = Debug|Any CPU
		{81613C57-6770-4FD4-B5D5-6D74704D06F6}.Debug|Any CPU.Build.0 = Debug|Any CPU
		{81613C57-6770-4FD4-B5D5-6D74704D06F6}.Release|Any CPU.ActiveCfg = Release|Any CPU
		{81613C57-6770-4FD4-B5D5-6D74704D06F6}.Release|Any CPU.Build.0 = Release|Any CPU
	EndGlobalSection
	GlobalSection(SolutionProperties) = preSolution
		HideSolutionNode = FALSE
	EndGlobalSection
	GlobalSection(NestedProjects) = preSolution
		{75784ECE-B3F0-4512-96F0-B9C8897DE383} = {EB7AAF66-C5D4-4D6E-9C15-6589B51527C4}
		{7FA6AFD8-6D0A-4550-86C6-B393B76D8F74} = {EB7AAF66-C5D4-4D6E-9C15-6589B51527C4}
		{9E70A585-10E4-4112-B765-425458675A68} = {EB7AAF66-C5D4-4D6E-9C15-6589B51527C4}
		{2F12EF4F-5D91-46E2-B2F0-2F5922B4D477} = {6F038BD5-CF9D-4046-8188-AF1C07583F9B}
		{0DAC02C6-B138-4DA2-8890-E42EEE492FAB} = {6F038BD5-CF9D-4046-8188-AF1C07583F9B}
		{13DEC141-7BB5-4A1A-BB9C-D43BD9D6E564} = {6F038BD5-CF9D-4046-8188-AF1C07583F9B}
		{73002BFF-28EF-49CB-9142-07F6D6DF9B70} = {F65F1E85-E755-4F89-9C9D-8B7C17AEC65C}
		{CF19D97B-65DA-4A92-BA78-A5429DF9C747} = {F65F1E85-E755-4F89-9C9D-8B7C17AEC65C}
		{D95C214A-ED6F-4452-924E-1D68B0F94BEC} = {F65F1E85-E755-4F89-9C9D-8B7C17AEC65C}
		{8CDF6B3C-41EF-4AF6-BD77-4FC5F64CAFD2} = {A74B5D06-061B-4F93-8823-E29AD816D167}
		{6D7A4DFE-278F-4579-AF61-69D7477CE89D} = {A74B5D06-061B-4F93-8823-E29AD816D167}
		{7EA51009-480C-47B3-B9F9-2FB5EA7476FB} = {A74B5D06-061B-4F93-8823-E29AD816D167}
		{D89D0202-240C-4AF3-8DC5-567471522733} = {81C357BD-C874-48B9-B5C6-8C4DA462E4B7}
		{1395F46E-628E-44CF-B601-FD3A485BB54B} = {81C357BD-C874-48B9-B5C6-8C4DA462E4B7}
		{EDEC9D79-81AD-43CC-A1E0-C1897FC816A1} = {81C357BD-C874-48B9-B5C6-8C4DA462E4B7}
		{4B0F823C-FCEA-4111-AA14-212997F33706} = {68020225-F77D-4B1C-B5AE-F08930722B67}
		{102F3DF1-6C1B-4645-8DB2-B33108F7B443} = {68020225-F77D-4B1C-B5AE-F08930722B67}
		{00E088D1-3484-4A26-9C6E-9E9EDFF80DDD} = {68020225-F77D-4B1C-B5AE-F08930722B67}
		{2B594F95-5362-411A-B89E-01E3997DC40B} = {C3D7F3DF-E551-46EC-9080-7CED430A3B80}
		{F53F3D12-63E6-4D83-B01E-1B8079B972E1} = {C3D7F3DF-E551-46EC-9080-7CED430A3B80}
		{81613C57-6770-4FD4-B5D5-6D74704D06F6} = {C3D7F3DF-E551-46EC-9080-7CED430A3B80}
	EndGlobalSection
	GlobalSection(ExtensibilityGlobals) = postSolution
		SolutionGuid = {AB805365-B291-43D8-9B4D-6E84D6D366C4}
	EndGlobalSection
EndGlobal
