
Microsoft Visual Studio Solution File, Format Version 12.00
# Visual Studio Version 16
VisualStudioVersion = 16.0.34031.81
MinimumVisualStudioVersion = 10.0.40219.1
Project("{2150E333-8FDC-42A3-9474-1A3956D46DE8}") = "Task0", "Task0", "{EB7AAF66-C5D4-4D6E-9C15-6589B51527C4}"
EndProject
Project("{FAE04EC0-301F-11D3-BF4B-00C04F79EFBC}") = "Tyuiu.KolchakovDR.Sprint4.Task0.V10", "Tyuiu.KolchakovDR.Sprint4.Task0.V10\Tyuiu.KolchakovDR.Sprint4.Task0.V10.csproj", "{75784ECE-B3F0-4512-96F0-B9C8897DE383}"
EndProject
Project("{FAE04EC0-301F-11D3-BF4B-00C04F79EFBC}") = "Tyuiu.KolchakovDR.Sprint4.Task0.V10.Lib", "Tyuiu.KolchakovDR.Sprint4.Task0.V10.Lib\Tyuiu.KolchakovDR.Sprint4.Task0.V10.Lib.csproj", "{7FA6AFD8-6D0A-4550-86C6-B393B76D8F74}"
EndProject
Project("{FAE04EC0-301F-11D3-BF4B-00C04F79EFBC}") = "Tyuiu.KolchakovDR.Sprint4.Task0.V10.Test", "Tyuiu.KolchakovDR.Sprint4.Task0.V10.Test\Tyuiu.KolchakovDR.Sprint4.Task0.V10.Test.csproj", "{9E70A585-10E4-4112-B765-425458675A68}"
EndProject
Project("{FAE04EC0-301F-11D3-BF4B-00C04F79EFBC}") = "TaskHeaderGenerator", "TaskHeaderGenerator\TaskHeaderGenerator.csproj", "{C3EC0508-A688-44A8-A280-404CD3E95AEB}"
EndProject
Project("{2150E333-8FDC-42A3-9474-1A3956D46DE8}") = "Task1", "Task1", "{6F038BD5-CF9D-4046-8188-AF1C07583F9B}"
EndProject
Project("{FAE04EC0-301F-11D3-BF4B-00C04F79EFBC}") = "Tyuiu.KolchakovDR.Sprint4.Task1.V10", "Tyuiu.KolchakovDR.Sprint4.Task1.V10\Tyuiu.KolchakovDR.Sprint4.Task1.V10.csproj", "{2F12EF4F-5D91-46E2-B2F0-2F5922B4D477}"
EndProject
Project("{FAE04EC0-301F-11D3-BF4B-00C04F79EFBC}") = "Tyuiu.KolchakovDR.Sprint4.Task1.V10.Lib", "Tyuiu.KolchakovDR.Sprint4.Task1.V10.Lib\Tyuiu.KolchakovDR.Sprint4.Task1.V10.Lib.csproj", "{0DAC02C6-B138-4DA2-8890-E42EEE492FAB}"
EndProject
Project("{FAE04EC0-301F-11D3-BF4B-00C04F79EFBC}") = "Tyuiu.KolchakovDR.Sprint4.Task1.V10.Test", "Tyuiu.KolchakovDR.Sprint4.Task1.V10.Test\Tyuiu.KolchakovDR.Sprint4.Task1.V10.Test.csproj", "{13DEC141-7BB5-4A1A-BB9C-D43BD9D6E564}"
EndProject
Project("{2150E333-8FDC-42A3-9474-1A3956D46DE8}") = "Task2", "Task2", "{F65F1E85-E755-4F89-9C9D-8B7C17AEC65C}"
EndProject
Project("{FAE04EC0-301F-11D3-BF4B-00C04F79EFBC}") = "Tyuiu.KolchakovDR.Sprint4.Task2.V23", "Tyuiu.KolchakovDR.Sprint4.Task2.V23\Tyuiu.KolchakovDR.Sprint4.Task2.V23.csproj", "{73002BFF-28EF-49CB-9142-07F6D6DF9B70}"
EndProject
Project("{FAE04EC0-301F-11D3-BF4B-00C04F79EFBC}") = "Tyuiu.KolchakovDR.Sprint4.Task2.V23.Lib", "Tyuiu.KolchakovDR.Sprint4.Task2.V23.Lib\Tyuiu.KolchakovDR.Sprint4.Task2.V23.Lib.csproj", "{CF19D97B-65DA-4A92-BA78-A5429DF9C747}"
EndProject
Project("{FAE04EC0-301F-11D3-BF4B-00C04F79EFBC}") = "Tyuiu.KolchakovDR.Sprint4.Task2.V23.Test", "Tyuiu.KolchakovDR.Sprint4.Task2.V23.Test\Tyuiu.KolchakovDR.Sprint4.Task2.V23.Test.csproj", "{D95C214A-ED6F-4452-924E-1D68B0F94BEC}"
EndProject
Project("{2150E333-8FDC-42A3-9474-1A3956D46DE8}") = "Task3", "Task3", "{A74B5D06-061B-4F93-8823-E29AD816D167}"
EndProject
Project("{FAE04EC0-301F-11D3-BF4B-00C04F79EFBC}") = "Tyuiu.KolchakovDR.Sprint4.Task3.V14", "Tyuiu.KolchakovDR.Sprint4.Task3.V14\Tyuiu.KolchakovDR.Sprint4.Task3.V14.csproj", "{8CDF6B3C-41EF-4AF6-BD77-4FC5F64CAFD2}"
EndProject
Project("{FAE04EC0-301F-11D3-BF4B-00C04F79EFBC}") = "Tyuiu.KolchakovDR.Sprint4.Task3.V14.Lib", "Tyuiu.KolchakovDR.Sprint4.Task3.V14.Lib\Tyuiu.KolchakovDR.Sprint4.Task3.V14.Lib.csproj", "{6D7A4DFE-278F-4579-AF61-69D7477CE89D}"
EndProject
Project("{FAE04EC0-301F-11D3-BF4B-00C04F79EFBC}") = "Tyuiu.KolchakovDR.Sprint4.Task3.V14.Test", "Tyuiu.KolchakovDR.Sprint4.Task3.V14.Test\Tyuiu.KolchakovDR.Sprint4.Task3.V14.Test.csproj", "{7EA51009-480C-47B3-B9F9-2FB5EA7476FB}"
EndProject
Global
	GlobalSection(SolutionConfigurationPlatforms) = preSolution
		Debug|Any CPU = Debug|Any CPU
		Release|Any CPU = Release|Any CPU
	EndGlobalSection
	GlobalSection(ProjectConfigurationPlatforms) = postSolution
		{75784ECE-B3F0-4512-96F0-B9C8897DE383}.Debug|Any CPU.ActiveCfg = Debug|Any CPU
		{75784ECE-B3F0-4512-96F0-B9C8897DE383}.Debug|Any CPU.Build.0 = Debug|Any CPU
		{75784ECE-B3F0-4512-96F0-B9C8897DE383}.Release|Any CPU.ActiveCfg = Release|Any CPU
		{75784ECE-B3F0-4512-96F0-B9C8897DE383}.Release|Any CPU.Build.0 = Release|Any CPU
		{7FA6AFD8-6D0A-4550-86C6-B393B76D8F74}.Debug|Any CPU.ActiveCfg = Debug|Any CPU
		{7FA6AFD8-6D0A-4550-86C6-B393B76D8F74}.Debug|Any CPU.Build.0 = Debug|Any CPU
		{7FA6AFD8-6D0A-4550-86C6-B393B76D8F74}.Release|Any CPU.ActiveCfg = Release|Any CPU
		{7FA6AFD8-6D0A-4550-86C6-B393B76D8F74}.Release|Any CPU.Build.0 = Release|Any CPU
		{9E70A585-10E4-4112-B765-425458675A68}.Debug|Any CPU.ActiveCfg = Debug|Any CPU
		{9E70A585-10E4-4112-B765-425458675A68}.Debug|Any CPU.Build.0 = Debug|Any CPU
		{9E70A585-10E4-4112-B765-425458675A68}.Release|Any CPU.ActiveCfg = Release|Any CPU
		{9E70A585-10E4-4112-B765-425458675A68}.Release|Any CPU.Build.0 = Release|Any CPU
		{C3EC0508-A688-44A8-A280-404CD3E95AEB}.Debug|Any CPU.ActiveCfg = Debug|Any CPU
		{C3EC0508-A688-44A8-A280-404CD3E95AEB}.Debug|Any CPU.Build.0 = Debug|Any CPU
		{C3EC0508-A688-44A8-A280-404CD3E95AEB}.Release|Any CPU.ActiveCfg = Release|Any CPU
		{C3EC0508-A688-44A8-A280-404CD3E95AEB}.Release|Any CPU.Build.0 = Release|Any CPU
		{2F12EF4F-5D91-46E2-B2F0-2F5922B4D477}.Debug|Any CPU.ActiveCfg = Debug|Any CPU
		{2F12EF4F-5D91-46E2-B2F0-2F5922B4D477}.Debug|Any CPU.Build.0 = Debug|Any CPU
		{2F12EF4F-5D91-46E2-B2F0-2F5922B4D477}.Release|Any CPU.ActiveCfg = Release|Any CPU
		{2F12EF4F-5D91-46E2-B2F0-2F5922B4D477}.Release|Any CPU.Build.0 = Release|Any CPU
		{0DAC02C6-B138-4DA2-8890-E42EEE492FAB}.Debug|Any CPU.ActiveCfg = Debug|Any CPU
		{0DAC02C6-B138-4DA2-8890-E42EEE492FAB}.Debug|Any CPU.Build.0 = Debug|Any CPU
		{0DAC02C6-B138-4DA2-8890-E42EEE492FAB}.Release|Any CPU.ActiveCfg = Release|Any CPU
		{0DAC02C6-B138-4DA2-8890-E42EEE492FAB}.Release|Any CPU.Build.0 = Release|Any CPU
		{13DEC141-7BB5-4A1A-BB9C-D43BD9D6E564}.Debug|Any CPU.ActiveCfg = Debug|Any CPU
		{13DEC141-7BB5-4A1A-BB9C-D43BD9D6E564}.Debug|Any CPU.Build.0 = Debug|Any CPU
		{13DEC141-7BB5-4A1A-BB9C-D43BD9D6E564}.Release|Any CPU.ActiveCfg = Release|Any CPU
		{13DEC141-7BB5-4A1A-BB9C-D43BD9D6E564}.Release|Any CPU.Build.0 = Release|Any CPU
		{73002BFF-28EF-49CB-9142-07F6D6DF9B70}.Debug|Any CPU.ActiveCfg = Debug|Any CPU
		{73002BFF-28EF-49CB-9142-07F6D6DF9B70}.Debug|Any CPU.Build.0 = Debug|Any CPU
		{73002BFF-28EF-49CB-9142-07F6D6DF9B70}.Release|Any CPU.ActiveCfg = Release|Any CPU
		{73002BFF-28EF-49CB-9142-07F6D6DF9B70}.Release|Any CPU.Build.0 = Release|Any CPU
		{CF19D97B-65DA-4A92-BA78-A5429DF9C747}.Debug|Any CPU.ActiveCfg = Debug|Any CPU
		{CF19D97B-65DA-4A92-BA78-A5429DF9C747}.Debug|Any CPU.Build.0 = Debug|Any CPU
		{CF19D97B-65DA-4A92-BA78-A5429DF9C747}.Release|Any CPU.ActiveCfg = Release|Any CPU
		{CF19D97B-65DA-4A92-BA78-A5429DF9C747}.Release|Any CPU.Build.0 = Release|Any CPU
		{D95C214A-ED6F-4452-924E-1D68B0F94BEC}.Debug|Any CPU.ActiveCfg = Debug|Any CPU
		{D95C214A-ED6F-4452-924E-1D68B0F94BEC}.Debug|Any CPU.Build.0 = Debug|Any CPU
		{D95C214A-ED6F-4452-924E-1D68B0F94BEC}.Release|Any CPU.ActiveCfg = Release|Any CPU
		{D95C214A-ED6F-4452-924E-1D68B0F94BEC}.Release|Any CPU.Build.0 = Release|Any CPU
		{8CDF6B3C-41EF-4AF6-BD77-4FC5F64CAFD2}.Debug|Any CPU.ActiveCfg = Debug|Any CPU
		{8CDF6B3C-41EF-4AF6-BD77-4FC5F64CAFD2}.Debug|Any CPU.Build.0 = Debug|Any CPU
		{8CDF6B3C-41EF-4AF6-BD77-4FC5F64CAFD2}.Release|Any CPU.ActiveCfg = Release|Any CPU
		{8CDF6B3C-41EF-4AF6-BD77-4FC5F64CAFD2}.Release|Any CPU.Build.0 = Release|Any CPU
		{6D7A4DFE-278F-4579-AF61-69D7477CE89D}.Debug|Any CPU.ActiveCfg = Debug|Any CPU
		{6D7A4DFE-278F-4579-AF61-69D7477CE89D}.Debug|Any CPU.Build.0 = Debug|Any CPU
		{6D7A4DFE-278F-4579-AF61-69D7477CE89D}.Release|Any CPU.ActiveCfg = Release|Any CPU
		{6D7A4DFE-278F-4579-AF61-69D7477CE89D}.Release|Any CPU.Build.0 = Release|Any CPU
		{7EA51009-480C-47B3-B9F9-2FB5EA7476FB}.Debug|Any CPU.ActiveCfg = Debug|Any CPU
		{7EA51009-480C-47B3-B9F9-2FB5EA7476FB}.Debug|Any CPU.Build.0 = Debug|Any CPU
		{7EA51009-480C-47B3-B9F9-2FB5EA7476FB}.Release|Any CPU.ActiveCfg = Release|Any CPU
		{7EA51009-480C-47B3-B9F9-2FB5EA7476FB}.Release|Any CPU.Build.0 = Release|Any CPU
	EndGlobalSection
	GlobalSection(SolutionProperties) = preSolution
		HideSolutionNode = FALSE
	EndGlobalSection
	GlobalSection(NestedProjects) = preSolution
		{75784ECE-B3F0-4512-96F0-B9C8897DE383} = {EB7AAF66-C5D4-4D6E-9C15-6589B51527C4}
		{7FA6AFD8-6D0A-4550-86C6-B393B76D8F74} = {EB7AAF66-C5D4-4D6E-9C15-6589B51527C4}
		{9E70A585-10E4-4112-B765-425458675A68} = {EB7AAF66-C5D4-4D6E-9C15-6589B51527C4}
		{2F12EF4F-5D91-46E2-B2F0-2F5922B4D477} = {6F038BD5-CF9D-4046-8188-AF1C07583F9B}
		{0DAC02C6-B138-4DA2-8890-E42EEE492FAB} = {6F038BD5-CF9D-4046-8188-AF1C07583F9B}
		{13DEC141-7BB5-4A1A-BB9C-D43BD9D6E564} = {6F038BD5-CF9D-4046-8188-AF1C07583F9B}
		{73002BFF-28EF-49CB-9142-07F6D6DF9B70} = {F65F1E85-E755-4F89-9C9D-8B7C17AEC65C}
		{CF19D97B-65DA-4A92-BA78-A5429DF9C747} = {F65F1E85-E755-4F89-9C9D-8B7C17AEC65C}
		{D95C214A-ED6F-4452-924E-1D68B0F94BEC} = {F65F1E85-E755-4F89-9C9D-8B7C17AEC65C}
		{8CDF6B3C-41EF-4AF6-BD77-4FC5F64CAFD2} = {A74B5D06-061B-4F93-8823-E29AD816D167}
		{6D7A4DFE-278F-4579-AF61-69D7477CE89D} = {A74B5D06-061B-4F93-8823-E29AD816D167}
		{7EA51009-480C-47B3-B9F9-2FB5EA7476FB} = {A74B5D06-061B-4F93-8823-E29AD816D167}
	EndGlobalSection
	GlobalSection(ExtensibilityGlobals) = postSolution
		SolutionGuid = {AB805365-B291-43D8-9B4D-6E84D6D366C4}
	EndGlobalSection
EndGlobal
